{
  "name": "tierra26",
  "version": "0.1.0",
  "lockfileVersion": 3,
  "requires": true,
  "packages": {
    "": {
      "name": "tierra26",
      "version": "0.1.0",
      "workspaces": [
        "packages/*"
      ],
      "devDependencies": {
        "typescript": "^5.6.0"
      }
    },
    "node_modules/@tierra26/content": {
      "resolved": "packages/content",
      "link": true
    },
    "node_modules/@tierra26/engine": {
      "resolved": "packages/engine",
      "link": true
    },
    "node_modules/@tierra26/genescript": {
      "resolved": "packages/genescript",
      "link": true
    },
    "node_modules/@tierra26/integration": {
      "resolved": "packages/integration",
      "link": true
    },
    "node_modules/@tierra26/ui": {
      "resolved": "packages/ui",
      "link": true
    },
    "node_modules/@tierra26/versus": {
      "resolved": "packages/versus",
      "link": true
    },
    "node_modules/typescript": {
      "version": "5.9.3",
      "resolved": "https://registry.npmjs.org/typescript/-/typescript-5.9.3.tgz",
      "integrity": "sha512-jl1vZzPDinLr9eUt3J/t7V6FgNEw9QjvBPdysz9KfQDD41fQrC2Y4vKQdiaUpFT4bXlb1RHhLpp8wtm6M5TgSw==",
      "dev": true,
      "license": "Apache-2.0",
      "bin": {
        "tsc": "bin/tsc",
        "tsserver": "bin/tsserver"
      },
      "engines": {
        "node": ">=14.17"
      }
    },
    "packages/content": {
      "name": "@tierra26/content",
      "version": "0.0.0"
    },
    "packages/engine": {
      "name": "@tierra26/engine",
      "version": "0.0.0"
    },
    "packages/genescript": {
      "name": "@tierra26/genescript",
      "version": "0.0.0"
    },
    "packages/integration": {
      "name": "@tierra26/integration",
      "version": "0.0.0"
    },
    "packages/ui": {
      "name": "@tierra26/ui",
      "version": "0.0.0"
    },
    "packages/versus": {
      "name": "@tierra26/versus",
      "version": "0.0.0"
    }
  }
}
